
Microsoft Visual Studio Solution File, Format Version 12.00
# Visual Studio Version 16
VisualStudioVersion = 16.0.31205.134
MinimumVisualStudioVersion = 10.0.40219.1
Project("{9A19103F-16F7-4668-BE54-9A1E7A4F7556}") = "psu-rebirth", "psu-rebirth\psu-rebirth.csproj", "{DB01C556-C473-425C-BC58-596694EEC94E}"
EndProject
Project("{FAE04EC0-301F-11D3-BF4B-00C04F79EFBC}") = "psu-cli", "psu-cli\psu-cli.csproj", "{0D5DD21D-4CAD-4FA4-8585-49123DC5DECE}"
EndProject
Global
	GlobalSection(SolutionConfigurationPlatforms) = preSolution
		Debug|Any CPU = Debug|Any CPU
		Release|Any CPU = Release|Any CPU
	EndGlobalSection
	GlobalSection(ProjectConfigurationPlatforms) = postSolution
		{DB01C556-C473-425C-BC58-596694EEC94E}.Debug|Any CPU.ActiveCfg = Debug|Any CPU
		{DB01C556-C473-425C-BC58-596694EEC94E}.Debug|Any CPU.Build.0 = Debug|Any CPU
		{DB01C556-C473-425C-BC58-596694EEC94E}.Release|Any CPU.ActiveCfg = Release|Any CPU
		{DB01C556-C473-425C-BC58-596694EEC94E}.Release|Any CPU.Build.0 = Release|Any CPU
		{0D5DD21D-4CAD-4FA4-8585-49123DC5DECE}.Debug|Any CPU.ActiveCfg = Debug|Any CPU
		{0D5DD21D-4CAD-4FA4-8585-49123DC5DECE}.Debug|Any CPU.Build.0 = Debug|Any CPU
		{0D5DD21D-4CAD-4FA4-8585-49123DC5DECE}.Release|Any CPU.ActiveCfg = Release|Any CPU
		{0D5DD21D-4CAD-4FA4-8585-49123DC5DECE}.Release|Any CPU.Build.0 = Release|Any CPU
	EndGlobalSection
	GlobalSection(SolutionProperties) = preSolution
		HideSolutionNode = FALSE
	EndGlobalSection
	GlobalSection(ExtensibilityGlobals) = postSolution
		SolutionGuid = {D3A8C8E5-5412-4329-9842-DA2835FBFDB8}
	EndGlobalSection
EndGlobal
